
Microsoft Visual Studio Solution File, Format Version 12.00
# Visual Studio 15
VisualStudioVersion = 15.0.28307.168
MinimumVisualStudioVersion = 10.0.40219.1
Project("{FAE04EC0-301F-11D3-BF4B-00C04F79EFBC}") = "Katalog", "Katalog\Katalog.csproj", "{25E2C5F8-3DFF-46D4-AB44-70D4417D1A3D}"
EndProject
Global
	GlobalSection(SolutionConfigurationPlatforms) = preSolution
		Debug|Any CPU = Debug|Any CPU
		Release|Any CPU = Release|Any CPU
	EndGlobalSection
	GlobalSection(ProjectConfigurationPlatforms) = postSolution
		{25E2C5F8-3DFF-46D4-AB44-70D4417D1A3D}.Debug|Any CPU.ActiveCfg = Debug|Any CPU
		{25E2C5F8-3DFF-46D4-AB44-70D4417D1A3D}.Debug|Any CPU.Build.0 = Debug|Any CPU
		{25E2C5F8-3DFF-46D4-AB44-70D4417D1A3D}.Release|Any CPU.ActiveCfg = Release|Any CPU
		{25E2C5F8-3DFF-46D4-AB44-70D4417D1A3D}.Release|Any CPU.Build.0 = Release|Any CPU
	EndGlobalSection
	GlobalSection(SolutionProperties) = preSolution
		HideSolutionNode = FALSE
	EndGlobalSection
	GlobalSection(ExtensibilityGlobals) = postSolution
		SolutionGuid = {EA0C48AA-C1CC-44A2-B008-BB0292D40B70}
	EndGlobalSection
EndGlobal
